
Microsoft Visual Studio Solution File, Format Version 12.00
# Visual Studio Version 16
VisualStudioVersion = 16.0.28803.202
MinimumVisualStudioVersion = 10.0.40219.1
Project("{8BC9CEB8-8B4A-11D0-8D11-00A0C91BC942}") = "p1", "p1.vcxproj", "{BC4EAE2B-06AC-4B88-9E5D-4640C04B8A38}"
EndProject
Global
	GlobalSection(SolutionConfigurationPlatforms) = preSolution
		Debug|x64 = Debug|x64
		Debug|x86 = Debug|x86
		Release|x64 = Release|x64
		Release|x86 = Release|x86
	EndGlobalSection
	GlobalSection(ProjectConfigurationPlatforms) = postSolution
		{BC4EAE2B-06AC-4B88-9E5D-4640C04B8A38}.Debug|x64.ActiveCfg = Debug|x64
		{BC4EAE2B-06AC-4B88-9E5D-4640C04B8A38}.Debug|x64.Build.0 = Debug|x64
		{BC4EAE2B-06AC-4B88-9E5D-4640C04B8A38}.Debug|x86.ActiveCfg = Debug|Win32
		{BC4EAE2B-06AC-4B88-9E5D-4640C04B8A38}.Debug|x86.Build.0 = Debug|Win32
		{BC4EAE2B-06AC-4B88-9E5D-4640C04B8A38}.Release|x64.ActiveCfg = Release|x64
		{BC4EAE2B-06AC-4B88-9E5D-4640C04B8A38}.Release|x64.Build.0 = Release|x64
		{BC4EAE2B-06AC-4B88-9E5D-4640C04B8A38}.Release|x86.ActiveCfg = Release|Win32
		{BC4EAE2B-06AC-4B88-9E5D-4640C04B8A38}.Release|x86.Build.0 = Release|Win32
	EndGlobalSection
	GlobalSection(SolutionProperties) = preSolution
		HideSolutionNode = FALSE
	EndGlobalSection
	GlobalSection(ExtensibilityGlobals) = postSolution
		SolutionGuid = {29ECA59B-80A3-4C6E-84E5-5B8679C4FC7B}
	EndGlobalSection
EndGlobal
